
Microsoft Visual Studio Solution File, Format Version 12.00
# Visual Studio Version 17
VisualStudioVersion = 17.10.34928.147
MinimumVisualStudioVersion = 10.0.40219.1
Project("{2150E333-8FDC-42A3-9474-1A3956D46DE8}") = "FrontEnd", "FrontEnd", "{D39AB918-5893-424D-AB6C-4656DAC26DD9}"
EndProject
Project("{2150E333-8FDC-42A3-9474-1A3956D46DE8}") = "Services", "Services", "{3FAEB8EA-6C6C-4105-8489-00BF702A5C49}"
EndProject
Project("{9A19103F-16F7-4668-BE54-9A1E7A4F7556}") = "GeekShopping.ProductsAPI", "GeekShopping.ProductsAPI\GeekShopping.ProductsAPI.csproj", "{67AD1366-E0B7-43A9-BBD0-ADB8CA554673}"
EndProject
Project("{FAE04EC0-301F-11D3-BF4B-00C04F79EFBC}") = "GeekShopping.Web", "GeekShopping.Web\GeekShopping.Web.csproj", "{32BFC18A-A4E4-4BEB-9918-22E66082E076}"
EndProject
Global
	GlobalSection(SolutionConfigurationPlatforms) = preSolution
		Debug|Any CPU = Debug|Any CPU
		Release|Any CPU = Release|Any CPU
	EndGlobalSection
	GlobalSection(ProjectConfigurationPlatforms) = postSolution
		{67AD1366-E0B7-43A9-BBD0-ADB8CA554673}.Debug|Any CPU.ActiveCfg = Debug|Any CPU
		{67AD1366-E0B7-43A9-BBD0-ADB8CA554673}.Debug|Any CPU.Build.0 = Debug|Any CPU
		{67AD1366-E0B7-43A9-BBD0-ADB8CA554673}.Release|Any CPU.ActiveCfg = Release|Any CPU
		{67AD1366-E0B7-43A9-BBD0-ADB8CA554673}.Release|Any CPU.Build.0 = Release|Any CPU
		{32BFC18A-A4E4-4BEB-9918-22E66082E076}.Debug|Any CPU.ActiveCfg = Debug|Any CPU
		{32BFC18A-A4E4-4BEB-9918-22E66082E076}.Debug|Any CPU.Build.0 = Debug|Any CPU
		{32BFC18A-A4E4-4BEB-9918-22E66082E076}.Release|Any CPU.ActiveCfg = Release|Any CPU
		{32BFC18A-A4E4-4BEB-9918-22E66082E076}.Release|Any CPU.Build.0 = Release|Any CPU
	EndGlobalSection
	GlobalSection(SolutionProperties) = preSolution
		HideSolutionNode = FALSE
	EndGlobalSection
	GlobalSection(NestedProjects) = preSolution
		{67AD1366-E0B7-43A9-BBD0-ADB8CA554673} = {3FAEB8EA-6C6C-4105-8489-00BF702A5C49}
		{32BFC18A-A4E4-4BEB-9918-22E66082E076} = {D39AB918-5893-424D-AB6C-4656DAC26DD9}
	EndGlobalSection
	GlobalSection(ExtensibilityGlobals) = postSolution
		SolutionGuid = {81881CA7-8E90-4DC5-ACC8-CAFD3EDB1EE5}
	EndGlobalSection
EndGlobal
